
Microsoft Visual Studio Solution File, Format Version 12.00
# Visual Studio Version 17
VisualStudioVersion = 17.9.34728.123
MinimumVisualStudioVersion = 10.0.40219.1
Project("{FAE04EC0-301F-11D3-BF4B-00C04F79EFBC}") = "CMSWinForms", "CMSWinForms.csproj", "{3FAA90FB-9E9D-439C-8A43-0384EFF0F02D}"
EndProject
Global
	GlobalSection(SolutionConfigurationPlatforms) = preSolution
		Debug|Any CPU = Debug|Any CPU
		Release|Any CPU = Release|Any CPU
	EndGlobalSection
	GlobalSection(ProjectConfigurationPlatforms) = postSolution
		{3FAA90FB-9E9D-439C-8A43-0384EFF0F02D}.Debug|Any CPU.ActiveCfg = Debug|Any CPU
		{3FAA90FB-9E9D-439C-8A43-0384EFF0F02D}.Debug|Any CPU.Build.0 = Debug|Any CPU
		{3FAA90FB-9E9D-439C-8A43-0384EFF0F02D}.Release|Any CPU.ActiveCfg = Release|Any CPU
		{3FAA90FB-9E9D-439C-8A43-0384EFF0F02D}.Release|Any CPU.Build.0 = Release|Any CPU
	EndGlobalSection
	GlobalSection(SolutionProperties) = preSolution
		HideSolutionNode = FALSE
	EndGlobalSection
	GlobalSection(ExtensibilityGlobals) = postSolution
		SolutionGuid = {BAD3FB0F-BF74-4074-AC51-5A086649B1B1}
	EndGlobalSection
EndGlobal
